{
  "name": "nasa-project",
  "version": "1.0.0",
  "lockfileVersion": 1,
  "requires": true,
  "dependencies": {
    "@arwes/animated": {
      "version": "1.0.0-alpha.23",
      "resolved": "https://gousto-472493421475.d.codeartifact.eu-west-1.amazonaws.com/npm/proxy-repository/@arwes/animated/-/animated-1.0.0-alpha.23.tgz",
      "integrity": "sha512-eGtDlCZbi9KqDbu9nrnEBZ6h4EG+CvaA1Ig2bwkV5NCPypN7ukFrAbIxu8wMsZmg1mzzFpfrvcL+HbdXx/HjLA==",
      "requires": {
        "tslib": "^2.3.1"
      }
    },
    "@arwes/animator": {
      "version": "1.0.0-alpha.23",
      "resolved": "https://gousto-472493421475.d.codeartifact.eu-west-1.amazonaws.com/npm/proxy-repository/@arwes/animator/-/animator-1.0.0-alpha.23.tgz",
      "integrity": "sha512-IyzJkZVTYaAs6YWiaoep0UUqQH0He3gZB+yzlimKEwJF/51ktesixS1eamA7uLQIcKCOU0a4A11reTPeN9GeBQ==",
      "requires": {
        "tslib": "^2.3.1"
      }
    },
    "@arwes/bgs": {
      "version": "1.0.0-alpha.23",
      "resolved": "https://gousto-472493421475.d.codeartifact.eu-west-1.amazonaws.com/npm/proxy-repository/@arwes/bgs/-/bgs-1.0.0-alpha.23.tgz",
      "integrity": "sha512-8ym1d/m2FgIoF/MpsKhag1cRjMs4J48F7DiSb5ulmGYxqeQVTyKRKZR08NzmuzkZn9EUhau2FZnLCKJQtTEmMQ==",
      "requires": {
        "tslib": "^2.3.1"
      }
    },
    "@arwes/bleeps": {
      "version": "1.0.0-alpha.23",
      "resolved": "https://gousto-472493421475.d.codeartifact.eu-west-1.amazonaws.com/npm/proxy-repository/@arwes/bleeps/-/bleeps-1.0.0-alpha.23.tgz",
      "integrity": "sha512-1kHImfXToL4kMay9Mb3CmBNNa4ELbJMdV0qL/uc3QjjiU9jiBkf4Ulr4rmIyK5tfcuUK4BtVd+eLmYEKRyTy7A==",
      "requires": {
        "tslib": "^2.3.1"
      }
    },
    "@arwes/core": {
      "version": "1.0.0-alpha.23",
      "resolved": "https://gousto-472493421475.d.codeartifact.eu-west-1.amazonaws.com/npm/proxy-repository/@arwes/core/-/core-1.0.0-alpha.23.tgz",
      "integrity": "sha512-hXLhN+Ug9BfIrfumdFKv6tJCjtVBogEGARR7VFV+LpfxiZM0f/ZTVKlcQkuMLPtD7n/ov5KoASpcCFZ/bMFTyw==",
      "requires": {
        "csstype": "^3.0.11",
        "tslib": "^2.3.1"
      }
    },
    "@arwes/frames": {
      "version": "1.0.0-alpha.23",
      "resolved": "https://gousto-472493421475.d.codeartifact.eu-west-1.amazonaws.com/npm/proxy-repository/@arwes/frames/-/frames-1.0.0-alpha.23.tgz",
      "integrity": "sha512-EstcYXHzR6Fefu8cvvfJ9I2+ncZTfvklWri0zx4JIUksc0G+ouoFogDZfNH68cNoBs/JBNFNe4Q/ICMOVpG3ug==",
      "requires": {
        "csstype": "^3.1.1",
        "tslib": "^2.3.1"
      }
    },
    "@arwes/text": {
      "version": "1.0.0-alpha.23",
      "resolved": "https://gousto-472493421475.d.codeartifact.eu-west-1.amazonaws.com/npm/proxy-repository/@arwes/text/-/text-1.0.0-alpha.23.tgz",
      "integrity": "sha512-6USePe8dfdHGpMGTjnIdK2q781HdPIWHi33QBX8WmPzukeZo/8mAxwTQTTN/amTU1QoxqEa+oTkCLt4QIC2rYA==",
      "requires": {
        "tslib": "^2.3.1"
      }
    },
    "@arwes/theme": {
      "version": "1.0.0-alpha.23",
      "resolved": "https://gousto-472493421475.d.codeartifact.eu-west-1.amazonaws.com/npm/proxy-repository/@arwes/theme/-/theme-1.0.0-alpha.23.tgz",
      "integrity": "sha512-B7J05gQC1B5Eg7n9DFm1qSWkW9at70uTdXmt00h+7N5emJWifiCWs2DZAXRgxyGw5rFFs8w9JYU30CelZ8sP4w==",
      "requires": {
        "csstype": "^3.0.11",
        "tslib": "^2.3.1"
      }
    },
    "@arwes/tools": {
      "version": "1.0.0-alpha.23",
      "resolved": "https://gousto-472493421475.d.codeartifact.eu-west-1.amazonaws.com/npm/proxy-repository/@arwes/tools/-/tools-1.0.0-alpha.23.tgz",
      "integrity": "sha512-bywCbC2e7fD5jRD65rmlZK9q0gYLzhZu1RR1DMOp3IG5KBlUAOROO4D4mPR566e0ELw43yWoHEBjWsb5tfSbOA==",
      "requires": {
        "tslib": "^2.3.1"
      }
    },
    "arwes": {
      "version": "1.0.0-alpha.23",
      "resolved": "https://gousto-472493421475.d.codeartifact.eu-west-1.amazonaws.com/npm/proxy-repository/arwes/-/arwes-1.0.0-alpha.23.tgz",
      "integrity": "sha512-hLKJ33Px+42noi7/LBwVb3RVx4py6TKqNxImaSEE9wmcQiA6nYBj/cqmCMGV6x8kFWiI11xswdKjYDIFaiibIg==",
      "requires": {
        "@arwes/animated": "^1.0.0-alpha.23",
        "@arwes/animator": "^1.0.0-alpha.23",
        "@arwes/bgs": "^1.0.0-alpha.23",
        "@arwes/bleeps": "^1.0.0-alpha.23",
        "@arwes/core": "^1.0.0-alpha.23",
        "@arwes/frames": "^1.0.0-alpha.23",
        "@arwes/text": "^1.0.0-alpha.23",
        "@arwes/theme": "^1.0.0-alpha.23",
        "@arwes/tools": "^1.0.0-alpha.23",
        "tslib": "^2.3.1"
      }
    },
    "basic-auth": {
      "version": "2.0.1",
      "resolved": "https://gousto-472493421475.d.codeartifact.eu-west-1.amazonaws.com/npm/proxy-repository/basic-auth/-/basic-auth-2.0.1.tgz",
      "integrity": "sha512-NF+epuEdnUYVlGuhaxbbq+dvJttwLnGY+YixlXlME5KpQ5W3CnXA5cVTneY3SPbPDRkcjMbifrwmFYcClgOZeg==",
      "requires": {
        "safe-buffer": "5.1.2"
      }
    },
    "csstype": {
      "version": "3.1.2",
      "resolved": "https://gousto-472493421475.d.codeartifact.eu-west-1.amazonaws.com/npm/proxy-repository/csstype/-/csstype-3.1.2.tgz",
      "integrity": "sha512-I7K1Uu0MBPzaFKg4nI5Q7Vs2t+3gWWW648spaF+Rg7pI9ds18Ugn+lvg4SHczUdKlHI5LWBXyqfS8+DufyBsgQ=="
    },
    "debug": {
      "version": "2.6.9",
      "resolved": "https://gousto-472493421475.d.codeartifact.eu-west-1.amazonaws.com/npm/proxy-repository/debug/-/debug-2.6.9.tgz",
      "integrity": "sha512-bC7ElrdJaJnPbAP+1EotYvqZsb3ecl5wi6Bfi6BJTUcNowp6cvspg0jXznRTKDjm/E7AdgFBVeAPVMNcKGsHMA==",
      "requires": {
        "ms": "2.0.0"
      }
    },
    "depd": {
      "version": "2.0.0",
      "resolved": "https://gousto-472493421475.d.codeartifact.eu-west-1.amazonaws.com/npm/proxy-repository/depd/-/depd-2.0.0.tgz",
      "integrity": "sha512-g7nH6P6dyDioJogAAGprGpCtVImJhpPk/roCzdb3fIh61/s/nPsfR6onyMwkCAR/OlC3yBC0lESvUoQEAssIrw=="
    },
    "ee-first": {
      "version": "1.1.1",
      "resolved": "https://gousto-472493421475.d.codeartifact.eu-west-1.amazonaws.com/npm/proxy-repository/ee-first/-/ee-first-1.1.1.tgz",
      "integrity": "sha1-WQxhFWsK4vTwJVcyoViyZrxWsh0="
    },
    "morgan": {
      "version": "1.10.0",
      "resolved": "https://gousto-472493421475.d.codeartifact.eu-west-1.amazonaws.com/npm/proxy-repository/morgan/-/morgan-1.10.0.tgz",
      "integrity": "sha512-AbegBVI4sh6El+1gNwvD5YIck7nSA36weD7xvIxG4in80j/UoK8AEGaWnnz8v1GxonMCltmlNs5ZKbGvl9b1XQ==",
      "requires": {
        "basic-auth": "~2.0.1",
        "debug": "2.6.9",
        "depd": "~2.0.0",
        "on-finished": "~2.3.0",
        "on-headers": "~1.0.2"
      }
    },
    "ms": {
      "version": "2.0.0",
      "resolved": "https://gousto-472493421475.d.codeartifact.eu-west-1.amazonaws.com/npm/proxy-repository/ms/-/ms-2.0.0.tgz",
      "integrity": "sha1-VgiurfwAvmwpAd9fmGF4jeDVl8g="
    },
    "on-finished": {
      "version": "2.3.0",
      "resolved": "https://gousto-472493421475.d.codeartifact.eu-west-1.amazonaws.com/npm/proxy-repository/on-finished/-/on-finished-2.3.0.tgz",
      "integrity": "sha1-IPEzZIGwg811M3mSoWlxqi2QaUc=",
      "requires": {
        "ee-first": "1.1.1"
      }
    },
    "on-headers": {
      "version": "1.0.2",
      "resolved": "https://gousto-472493421475.d.codeartifact.eu-west-1.amazonaws.com/npm/proxy-repository/on-headers/-/on-headers-1.0.2.tgz",
      "integrity": "sha512-pZAE+FJLoyITytdqK0U5s+FIpjN0JP3OzFi/u8Rx+EV5/W+JTWGXG8xFzevE7AjBfDqHv/8vL8qQsIhHnqRkrA=="
    },
    "safe-buffer": {
      "version": "5.1.2",
      "resolved": "https://gousto-472493421475.d.codeartifact.eu-west-1.amazonaws.com/npm/proxy-repository/safe-buffer/-/safe-buffer-5.1.2.tgz",
      "integrity": "sha512-Gd2UZBJDkXlY7GbJxfsE8/nvKkUEU1G38c1siN6QP6a9PT9MmHB8GnpscSmMJSoF8LOIrt8ud/wPtojys4G6+g=="
    },
    "tslib": {
      "version": "2.6.2",
      "resolved": "https://gousto-472493421475.d.codeartifact.eu-west-1.amazonaws.com/npm/proxy-repository/tslib/-/tslib-2.6.2.tgz",
      "integrity": "sha512-AEYxH93jGFPn/a2iVAwW87VuUIkR1FVUKB77NwMF7nBTDkDrrT/Hpt/IrCJ0QXhW27jTBDcf5ZY7w6RiqTMw2Q=="
    }
  }
}
