{
  "name": "nasa-project",
  "version": "1.0.0",
  "lockfileVersion": 3,
  "requires": true,
  "packages": {
    "": {
      "name": "nasa-project",
      "version": "1.0.0",
      "hasInstallScript": true,
      "license": "ISC",
      "dependencies": {
        "arwes": "^1.0.0-alpha.23",
        "axios": "^1.6.7",
        "mongoose": "^8.0.3",
        "morgan": "^1.10.0"
      }
    },
    "node_modules/@arwes/animated": {
      "version": "1.0.0-alpha.23",
      "resolved": "https://gousto-472493421475.d.codeartifact.eu-west-1.amazonaws.com/npm/proxy-repository/@arwes/animated/-/animated-1.0.0-alpha.23.tgz",
      "integrity": "sha512-eGtDlCZbi9KqDbu9nrnEBZ6h4EG+CvaA1Ig2bwkV5NCPypN7ukFrAbIxu8wMsZmg1mzzFpfrvcL+HbdXx/HjLA==",
      "dependencies": {
        "tslib": "^2.3.1"
      },
      "funding": {
        "url": "https://github.com/sponsors/romelperez"
      }
    },
    "node_modules/@arwes/animator": {
      "version": "1.0.0-alpha.23",
      "resolved": "https://gousto-472493421475.d.codeartifact.eu-west-1.amazonaws.com/npm/proxy-repository/@arwes/animator/-/animator-1.0.0-alpha.23.tgz",
      "integrity": "sha512-IyzJkZVTYaAs6YWiaoep0UUqQH0He3gZB+yzlimKEwJF/51ktesixS1eamA7uLQIcKCOU0a4A11reTPeN9GeBQ==",
      "dependencies": {
        "tslib": "^2.3.1"
      },
      "funding": {
        "url": "https://github.com/sponsors/romelperez"
      },
      "peerDependencies": {
        "@arwes/tools": "^1.0.0-alpha.20"
      }
    },
    "node_modules/@arwes/bgs": {
      "version": "1.0.0-alpha.23",
      "resolved": "https://gousto-472493421475.d.codeartifact.eu-west-1.amazonaws.com/npm/proxy-repository/@arwes/bgs/-/bgs-1.0.0-alpha.23.tgz",
      "integrity": "sha512-8ym1d/m2FgIoF/MpsKhag1cRjMs4J48F7DiSb5ulmGYxqeQVTyKRKZR08NzmuzkZn9EUhau2FZnLCKJQtTEmMQ==",
      "dependencies": {
        "tslib": "^2.3.1"
      },
      "funding": {
        "url": "https://github.com/sponsors/romelperez"
      },
      "peerDependencies": {
        "motion": "10",
        "react": "18"
      }
    },
    "node_modules/@arwes/bleeps": {
      "version": "1.0.0-alpha.23",
      "resolved": "https://gousto-472493421475.d.codeartifact.eu-west-1.amazonaws.com/npm/proxy-repository/@arwes/bleeps/-/bleeps-1.0.0-alpha.23.tgz",
      "integrity": "sha512-1kHImfXToL4kMay9Mb3CmBNNa4ELbJMdV0qL/uc3QjjiU9jiBkf4Ulr4rmIyK5tfcuUK4BtVd+eLmYEKRyTy7A==",
      "dependencies": {
        "tslib": "^2.3.1"
      },
      "funding": {
        "url": "https://github.com/sponsors/romelperez"
      },
      "peerDependencies": {
        "@arwes/tools": "^1.0.0-alpha.20"
      }
    },
    "node_modules/@arwes/core": {
      "version": "1.0.0-alpha.23",
      "resolved": "https://gousto-472493421475.d.codeartifact.eu-west-1.amazonaws.com/npm/proxy-repository/@arwes/core/-/core-1.0.0-alpha.23.tgz",
      "integrity": "sha512-hXLhN+Ug9BfIrfumdFKv6tJCjtVBogEGARR7VFV+LpfxiZM0f/ZTVKlcQkuMLPtD7n/ov5KoASpcCFZ/bMFTyw==",
      "dependencies": {
        "csstype": "^3.0.11",
        "tslib": "^2.3.1"
      },
      "funding": {
        "url": "https://github.com/sponsors/romelperez"
      },
      "peerDependencies": {
        "@arwes/frames": "^1.0.0-alpha.20",
        "@arwes/theme": "^1.0.0-alpha.20"
      }
    },
    "node_modules/@arwes/frames": {
      "version": "1.0.0-alpha.23",
      "resolved": "https://gousto-472493421475.d.codeartifact.eu-west-1.amazonaws.com/npm/proxy-repository/@arwes/frames/-/frames-1.0.0-alpha.23.tgz",
      "integrity": "sha512-EstcYXHzR6Fefu8cvvfJ9I2+ncZTfvklWri0zx4JIUksc0G+ouoFogDZfNH68cNoBs/JBNFNe4Q/ICMOVpG3ug==",
      "dependencies": {
        "csstype": "^3.1.1",
        "tslib": "^2.3.1"
      },
      "funding": {
        "url": "https://github.com/sponsors/romelperez"
      }
    },
    "node_modules/@arwes/text": {
      "version": "1.0.0-alpha.23",
      "resolved": "https://gousto-472493421475.d.codeartifact.eu-west-1.amazonaws.com/npm/proxy-repository/@arwes/text/-/text-1.0.0-alpha.23.tgz",
      "integrity": "sha512-6USePe8dfdHGpMGTjnIdK2q781HdPIWHi33QBX8WmPzukeZo/8mAxwTQTTN/amTU1QoxqEa+oTkCLt4QIC2rYA==",
      "dependencies": {
        "tslib": "^2.3.1"
      },
      "funding": {
        "url": "https://github.com/sponsors/romelperez"
      },
      "peerDependencies": {
        "@arwes/animated": "^1.0.0-alpha.20",
        "@arwes/tools": "^1.0.0-alpha.20",
        "motion": "10"
      }
    },
    "node_modules/@arwes/theme": {
      "version": "1.0.0-alpha.23",
      "resolved": "https://gousto-472493421475.d.codeartifact.eu-west-1.amazonaws.com/npm/proxy-repository/@arwes/theme/-/theme-1.0.0-alpha.23.tgz",
      "integrity": "sha512-B7J05gQC1B5Eg7n9DFm1qSWkW9at70uTdXmt00h+7N5emJWifiCWs2DZAXRgxyGw5rFFs8w9JYU30CelZ8sP4w==",
      "dependencies": {
        "csstype": "^3.0.11",
        "tslib": "^2.3.1"
      },
      "funding": {
        "url": "https://github.com/sponsors/romelperez"
      },
      "peerDependencies": {
        "@arwes/tools": "^1.0.0-alpha.20"
      }
    },
    "node_modules/@arwes/tools": {
      "version": "1.0.0-alpha.23",
      "resolved": "https://gousto-472493421475.d.codeartifact.eu-west-1.amazonaws.com/npm/proxy-repository/@arwes/tools/-/tools-1.0.0-alpha.23.tgz",
      "integrity": "sha512-bywCbC2e7fD5jRD65rmlZK9q0gYLzhZu1RR1DMOp3IG5KBlUAOROO4D4mPR566e0ELw43yWoHEBjWsb5tfSbOA==",
      "dependencies": {
        "tslib": "^2.3.1"
      },
      "funding": {
        "url": "https://github.com/sponsors/romelperez"
      }
    },
    "node_modules/@mongodb-js/saslprep": {
      "version": "1.1.1",
      "resolved": "https://gousto-472493421475.d.codeartifact.eu-west-1.amazonaws.com/npm/proxy-repository/@mongodb-js/saslprep/-/saslprep-1.1.1.tgz",
      "integrity": "sha512-t7c5K033joZZMspnHg/gWPE4kandgc2OxE74aYOtGKfgB9VPuVJPix0H6fhmm2erj5PBJ21mqcx34lpIGtUCsQ==",
      "dependencies": {
        "sparse-bitfield": "^3.0.3"
      }
    },
    "node_modules/@motionone/animation": {
      "version": "10.17.0",
      "resolved": "https://gousto-472493421475.d.codeartifact.eu-west-1.amazonaws.com/npm/proxy-repository/@motionone/animation/-/animation-10.17.0.tgz",
      "integrity": "sha512-ANfIN9+iq1kGgsZxs+Nz96uiNcPLGTXwfNo2Xz/fcJXniPYpaz/Uyrfa+7I5BPLxCP82sh7quVDudf1GABqHbg==",
      "peer": true,
      "dependencies": {
        "@motionone/easing": "^10.17.0",
        "@motionone/types": "^10.17.0",
        "@motionone/utils": "^10.17.0",
        "tslib": "^2.3.1"
      }
    },
    "node_modules/@motionone/dom": {
      "version": "10.17.0",
      "resolved": "https://gousto-472493421475.d.codeartifact.eu-west-1.amazonaws.com/npm/proxy-repository/@motionone/dom/-/dom-10.17.0.tgz",
      "integrity": "sha512-cMm33swRlCX/qOPHWGbIlCl0K9Uwi6X5RiL8Ma6OrlJ/TP7Q+Np5GE4xcZkFptysFjMTi4zcZzpnNQGQ5D6M0Q==",
      "peer": true,
      "dependencies": {
        "@motionone/animation": "^10.17.0",
        "@motionone/generators": "^10.17.0",
        "@motionone/types": "^10.17.0",
        "@motionone/utils": "^10.17.0",
        "hey-listen": "^1.0.8",
        "tslib": "^2.3.1"
      }
    },
    "node_modules/@motionone/easing": {
      "version": "10.17.0",
      "resolved": "https://gousto-472493421475.d.codeartifact.eu-west-1.amazonaws.com/npm/proxy-repository/@motionone/easing/-/easing-10.17.0.tgz",
      "integrity": "sha512-Bxe2wSuLu/qxqW4rBFS5m9tMLOw+QBh8v5A7Z5k4Ul4sTj5jAOfZG5R0bn5ywmk+Fs92Ij1feZ5pmC4TeXA8Tg==",
      "peer": true,
      "dependencies": {
        "@motionone/utils": "^10.17.0",
        "tslib": "^2.3.1"
      }
    },
    "node_modules/@motionone/generators": {
      "version": "10.17.0",
      "resolved": "https://gousto-472493421475.d.codeartifact.eu-west-1.amazonaws.com/npm/proxy-repository/@motionone/generators/-/generators-10.17.0.tgz",
      "integrity": "sha512-T6Uo5bDHrZWhIfxG/2Aut7qyWQyJIWehk6OB4qNvr/jwA/SRmixwbd7SOrxZi1z5rH3LIeFFBKK1xHnSbGPZSQ==",
      "peer": true,
      "dependencies": {
        "@motionone/types": "^10.17.0",
        "@motionone/utils": "^10.17.0",
        "tslib": "^2.3.1"
      }
    },
    "node_modules/@motionone/types": {
      "version": "10.17.0",
      "resolved": "https://gousto-472493421475.d.codeartifact.eu-west-1.amazonaws.com/npm/proxy-repository/@motionone/types/-/types-10.17.0.tgz",
      "integrity": "sha512-EgeeqOZVdRUTEHq95Z3t8Rsirc7chN5xFAPMYFobx8TPubkEfRSm5xihmMUkbaR2ErKJTUw3347QDPTHIW12IA==",
      "peer": true
    },
    "node_modules/@motionone/utils": {
      "version": "10.17.0",
      "resolved": "https://gousto-472493421475.d.codeartifact.eu-west-1.amazonaws.com/npm/proxy-repository/@motionone/utils/-/utils-10.17.0.tgz",
      "integrity": "sha512-bGwrki4896apMWIj9yp5rAS2m0xyhxblg6gTB/leWDPt+pb410W8lYWsxyurX+DH+gO1zsQsfx2su/c1/LtTpg==",
      "peer": true,
      "dependencies": {
        "@motionone/types": "^10.17.0",
        "hey-listen": "^1.0.8",
        "tslib": "^2.3.1"
      }
    },
    "node_modules/@types/node": {
      "version": "20.10.4",
      "resolved": "https://gousto-472493421475.d.codeartifact.eu-west-1.amazonaws.com/npm/proxy-repository/@types/node/-/node-20.10.4.tgz",
      "integrity": "sha512-D08YG6rr8X90YB56tSIuBaddy/UXAA9RKJoFvrsnogAum/0pmjkgi4+2nx96A330FmioegBWmEYQ+syqCFaveg==",
      "dependencies": {
        "undici-types": "~5.26.4"
      }
    },
    "node_modules/@types/webidl-conversions": {
      "version": "7.0.3",
      "resolved": "https://gousto-472493421475.d.codeartifact.eu-west-1.amazonaws.com/npm/proxy-repository/@types/webidl-conversions/-/webidl-conversions-7.0.3.tgz",
      "integrity": "sha512-CiJJvcRtIgzadHCYXw7dqEnMNRjhGZlYK05Mj9OyktqV8uVT8fD2BFOB7S1uwBE3Kj2Z+4UyPmFw/Ixgw/LAlA=="
    },
    "node_modules/@types/whatwg-url": {
      "version": "8.2.2",
      "resolved": "https://gousto-472493421475.d.codeartifact.eu-west-1.amazonaws.com/npm/proxy-repository/@types/whatwg-url/-/whatwg-url-8.2.2.tgz",
      "integrity": "sha512-FtQu10RWgn3D9U4aazdwIE2yzphmTJREDqNdODHrbrZmmMqI0vMheC/6NE/J1Yveaj8H+ela+YwWTjq5PGmuhA==",
      "dependencies": {
        "@types/node": "*",
        "@types/webidl-conversions": "*"
      }
    },
    "node_modules/arwes": {
      "version": "1.0.0-alpha.23",
      "resolved": "https://gousto-472493421475.d.codeartifact.eu-west-1.amazonaws.com/npm/proxy-repository/arwes/-/arwes-1.0.0-alpha.23.tgz",
      "integrity": "sha512-hLKJ33Px+42noi7/LBwVb3RVx4py6TKqNxImaSEE9wmcQiA6nYBj/cqmCMGV6x8kFWiI11xswdKjYDIFaiibIg==",
      "dependencies": {
        "@arwes/animated": "^1.0.0-alpha.23",
        "@arwes/animator": "^1.0.0-alpha.23",
        "@arwes/bgs": "^1.0.0-alpha.23",
        "@arwes/bleeps": "^1.0.0-alpha.23",
        "@arwes/core": "^1.0.0-alpha.23",
        "@arwes/frames": "^1.0.0-alpha.23",
        "@arwes/text": "^1.0.0-alpha.23",
        "@arwes/theme": "^1.0.0-alpha.23",
        "@arwes/tools": "^1.0.0-alpha.23",
        "tslib": "^2.3.1"
      },
      "funding": {
        "url": "https://github.com/sponsors/romelperez"
      }
    },
    "node_modules/asynckit": {
      "version": "0.4.0",
      "resolved": "https://gousto-472493421475.d.codeartifact.eu-west-1.amazonaws.com/npm/proxy-repository/asynckit/-/asynckit-0.4.0.tgz",
      "integrity": "sha1-x57Zf380y48robyXkLzDZkdLS3k="
    },
    "node_modules/axios": {
      "version": "1.6.7",
      "resolved": "https://gousto-472493421475.d.codeartifact.eu-west-1.amazonaws.com/npm/proxy-repository/axios/-/axios-1.6.7.tgz",
      "integrity": "sha512-/hDJGff6/c7u0hDkvkGxR/oy6CbCs8ziCsC7SqmhjfozqiJGc8Z11wrv9z9lYfY4K8l+H9TpjcMDX0xOZmx+RA==",
      "dependencies": {
        "follow-redirects": "^1.15.4",
        "form-data": "^4.0.0",
        "proxy-from-env": "^1.1.0"
      }
    },
    "node_modules/basic-auth": {
      "version": "2.0.1",
      "resolved": "https://gousto-472493421475.d.codeartifact.eu-west-1.amazonaws.com/npm/proxy-repository/basic-auth/-/basic-auth-2.0.1.tgz",
      "integrity": "sha512-NF+epuEdnUYVlGuhaxbbq+dvJttwLnGY+YixlXlME5KpQ5W3CnXA5cVTneY3SPbPDRkcjMbifrwmFYcClgOZeg==",
      "dependencies": {
        "safe-buffer": "5.1.2"
      },
      "engines": {
        "node": ">= 0.8"
      }
    },
    "node_modules/bson": {
      "version": "6.2.0",
      "resolved": "https://gousto-472493421475.d.codeartifact.eu-west-1.amazonaws.com/npm/proxy-repository/bson/-/bson-6.2.0.tgz",
      "integrity": "sha512-ID1cI+7bazPDyL9wYy9GaQ8gEEohWvcUl/Yf0dIdutJxnmInEEyCsb4awy/OiBfall7zBA179Pahi3vCdFze3Q==",
      "engines": {
        "node": ">=16.20.1"
      }
    },
    "node_modules/combined-stream": {
      "version": "1.0.8",
      "resolved": "https://gousto-472493421475.d.codeartifact.eu-west-1.amazonaws.com/npm/proxy-repository/combined-stream/-/combined-stream-1.0.8.tgz",
      "integrity": "sha512-FQN4MRfuJeHf7cBbBMJFXhKSDq+2kAArBlmRBvcvFE5BB1HZKXtSFASDhdlz9zOYwxh8lDdnvmMOe/+5cdoEdg==",
      "dependencies": {
        "delayed-stream": "~1.0.0"
      },
      "engines": {
        "node": ">= 0.8"
      }
    },
    "node_modules/csstype": {
      "version": "3.1.2",
      "resolved": "https://gousto-472493421475.d.codeartifact.eu-west-1.amazonaws.com/npm/proxy-repository/csstype/-/csstype-3.1.2.tgz",
      "integrity": "sha512-I7K1Uu0MBPzaFKg4nI5Q7Vs2t+3gWWW648spaF+Rg7pI9ds18Ugn+lvg4SHczUdKlHI5LWBXyqfS8+DufyBsgQ=="
    },
    "node_modules/debug": {
      "version": "2.6.9",
      "resolved": "https://gousto-472493421475.d.codeartifact.eu-west-1.amazonaws.com/npm/proxy-repository/debug/-/debug-2.6.9.tgz",
      "integrity": "sha512-bC7ElrdJaJnPbAP+1EotYvqZsb3ecl5wi6Bfi6BJTUcNowp6cvspg0jXznRTKDjm/E7AdgFBVeAPVMNcKGsHMA==",
      "dependencies": {
        "ms": "2.0.0"
      }
    },
    "node_modules/delayed-stream": {
      "version": "1.0.0",
      "resolved": "https://gousto-472493421475.d.codeartifact.eu-west-1.amazonaws.com/npm/proxy-repository/delayed-stream/-/delayed-stream-1.0.0.tgz",
      "integrity": "sha1-3zrhmayt+31ECqrgsp4icrJOxhk=",
      "engines": {
        "node": ">=0.4.0"
      }
    },
    "node_modules/depd": {
      "version": "2.0.0",
      "resolved": "https://gousto-472493421475.d.codeartifact.eu-west-1.amazonaws.com/npm/proxy-repository/depd/-/depd-2.0.0.tgz",
      "integrity": "sha512-g7nH6P6dyDioJogAAGprGpCtVImJhpPk/roCzdb3fIh61/s/nPsfR6onyMwkCAR/OlC3yBC0lESvUoQEAssIrw==",
      "engines": {
        "node": ">= 0.8"
      }
    },
    "node_modules/ee-first": {
      "version": "1.1.1",
      "resolved": "https://gousto-472493421475.d.codeartifact.eu-west-1.amazonaws.com/npm/proxy-repository/ee-first/-/ee-first-1.1.1.tgz",
      "integrity": "sha1-WQxhFWsK4vTwJVcyoViyZrxWsh0="
    },
    "node_modules/follow-redirects": {
      "version": "1.15.5",
      "resolved": "https://gousto-472493421475.d.codeartifact.eu-west-1.amazonaws.com/npm/proxy-repository/follow-redirects/-/follow-redirects-1.15.5.tgz",
      "integrity": "sha512-vSFWUON1B+yAw1VN4xMfxgn5fTUiaOzAJCKBwIIgT/+7CuGy9+r+5gITvP62j3RmaD5Ph65UaERdOSRGUzZtgw==",
      "funding": [
        {
          "type": "individual",
          "url": "https://github.com/sponsors/RubenVerborgh"
        }
      ],
      "engines": {
        "node": ">=4.0"
      },
      "peerDependenciesMeta": {
        "debug": {
          "optional": true
        }
      }
    },
    "node_modules/form-data": {
      "version": "4.0.0",
      "resolved": "https://gousto-472493421475.d.codeartifact.eu-west-1.amazonaws.com/npm/proxy-repository/form-data/-/form-data-4.0.0.tgz",
      "integrity": "sha512-ETEklSGi5t0QMZuiXoA/Q6vcnxcLQP5vdugSpuAyi6SVGi2clPPp+xgEhuMaHC+zGgn31Kd235W35f7Hykkaww==",
      "dependencies": {
        "asynckit": "^0.4.0",
        "combined-stream": "^1.0.8",
        "mime-types": "^2.1.12"
      },
      "engines": {
        "node": ">= 6"
      }
    },
    "node_modules/hey-listen": {
      "version": "1.0.8",
      "resolved": "https://gousto-472493421475.d.codeartifact.eu-west-1.amazonaws.com/npm/proxy-repository/hey-listen/-/hey-listen-1.0.8.tgz",
      "integrity": "sha512-COpmrF2NOg4TBWUJ5UVyaCU2A88wEMkUPK4hNqyCkqHbxT92BbvfjoSozkAIIm6XhicGlJHhFdullInrdhwU8Q==",
      "peer": true
    },
    "node_modules/js-tokens": {
      "version": "4.0.0",
      "resolved": "https://gousto-472493421475.d.codeartifact.eu-west-1.amazonaws.com/npm/proxy-repository/js-tokens/-/js-tokens-4.0.0.tgz",
      "integrity": "sha512-RdJUflcE3cUzKiMqQgsCu06FPu9UdIJO0beYbPhHN4k6apgJtifcoCtT9bcxOpYBtpD2kCM6Sbzg4CausW/PKQ==",
      "peer": true
    },
    "node_modules/kareem": {
      "version": "2.5.1",
      "resolved": "https://gousto-472493421475.d.codeartifact.eu-west-1.amazonaws.com/npm/proxy-repository/kareem/-/kareem-2.5.1.tgz",
      "integrity": "sha512-7jFxRVm+jD+rkq3kY0iZDJfsO2/t4BBPeEb2qKn2lR/9KhuksYk5hxzfRYWMPV8P/x2d0kHD306YyWLzjjH+uA==",
      "engines": {
        "node": ">=12.0.0"
      }
    },
    "node_modules/loose-envify": {
      "version": "1.4.0",
      "resolved": "https://gousto-472493421475.d.codeartifact.eu-west-1.amazonaws.com/npm/proxy-repository/loose-envify/-/loose-envify-1.4.0.tgz",
      "integrity": "sha512-lyuxPGr/Wfhrlem2CL/UcnUc1zcqKAImBDzukY7Y5F/yQiNdko6+fRLevlw1HgMySw7f611UIY408EtxRSoK3Q==",
      "peer": true,
      "dependencies": {
        "js-tokens": "^3.0.0 || ^4.0.0"
      },
      "bin": {
        "loose-envify": "cli.js"
      }
    },
    "node_modules/memory-pager": {
      "version": "1.5.0",
      "resolved": "https://gousto-472493421475.d.codeartifact.eu-west-1.amazonaws.com/npm/proxy-repository/memory-pager/-/memory-pager-1.5.0.tgz",
      "integrity": "sha512-ZS4Bp4r/Zoeq6+NLJpP+0Zzm0pR8whtGPf1XExKLJBAczGMnSi3It14OiNCStjQjM6NU1okjQGSxgEZN8eBYKg=="
    },
    "node_modules/mime-db": {
      "version": "1.52.0",
      "resolved": "https://gousto-472493421475.d.codeartifact.eu-west-1.amazonaws.com/npm/proxy-repository/mime-db/-/mime-db-1.52.0.tgz",
      "integrity": "sha512-sPU4uV7dYlvtWJxwwxHD0PuihVNiE7TyAbQ5SWxDCB9mUYvOgroQOwYQQOKPJ8CIbE+1ETVlOoK1UC2nU3gYvg==",
      "engines": {
        "node": ">= 0.6"
      }
    },
    "node_modules/mime-types": {
      "version": "2.1.35",
      "resolved": "https://gousto-472493421475.d.codeartifact.eu-west-1.amazonaws.com/npm/proxy-repository/mime-types/-/mime-types-2.1.35.tgz",
      "integrity": "sha512-ZDY+bPm5zTTF+YpCrAU9nK0UgICYPT0QtT1NZWFv4s++TNkcgVaT0g6+4R2uI4MjQjzysHB1zxuWL50hzaeXiw==",
      "dependencies": {
        "mime-db": "1.52.0"
      },
      "engines": {
        "node": ">= 0.6"
      }
    },
    "node_modules/mongodb": {
      "version": "6.2.0",
      "resolved": "https://gousto-472493421475.d.codeartifact.eu-west-1.amazonaws.com/npm/proxy-repository/mongodb/-/mongodb-6.2.0.tgz",
      "integrity": "sha512-d7OSuGjGWDZ5usZPqfvb36laQ9CPhnWkAGHT61x5P95p/8nMVeH8asloMwW6GcYFeB0Vj4CB/1wOTDG2RA9BFA==",
      "dependencies": {
        "@mongodb-js/saslprep": "^1.1.0",
        "bson": "^6.2.0",
        "mongodb-connection-string-url": "^2.6.0"
      },
      "engines": {
        "node": ">=16.20.1"
      },
      "peerDependencies": {
        "@aws-sdk/credential-providers": "^3.188.0",
        "@mongodb-js/zstd": "^1.1.0",
        "gcp-metadata": "^5.2.0",
        "kerberos": "^2.0.1",
        "mongodb-client-encryption": ">=6.0.0 <7",
        "snappy": "^7.2.2",
        "socks": "^2.7.1"
      },
      "peerDependenciesMeta": {
        "@aws-sdk/credential-providers": {
          "optional": true
        },
        "@mongodb-js/zstd": {
          "optional": true
        },
        "gcp-metadata": {
          "optional": true
        },
        "kerberos": {
          "optional": true
        },
        "mongodb-client-encryption": {
          "optional": true
        },
        "snappy": {
          "optional": true
        },
        "socks": {
          "optional": true
        }
      }
    },
    "node_modules/mongodb-connection-string-url": {
      "version": "2.6.0",
      "resolved": "https://gousto-472493421475.d.codeartifact.eu-west-1.amazonaws.com/npm/proxy-repository/mongodb-connection-string-url/-/mongodb-connection-string-url-2.6.0.tgz",
      "integrity": "sha512-WvTZlI9ab0QYtTYnuMLgobULWhokRjtC7db9LtcVfJ+Hsnyr5eo6ZtNAt3Ly24XZScGMelOcGtm7lSn0332tPQ==",
      "dependencies": {
        "@types/whatwg-url": "^8.2.1",
        "whatwg-url": "^11.0.0"
      }
    },
    "node_modules/mongoose": {
      "version": "8.0.3",
      "resolved": "https://gousto-472493421475.d.codeartifact.eu-west-1.amazonaws.com/npm/proxy-repository/mongoose/-/mongoose-8.0.3.tgz",
      "integrity": "sha512-LJRT0yP4TW14HT4r2RkxqyvoTylMSzWpl5QOeVHTnRggCLQSpkoBdgbUtORFq/mSL2o9cLCPJz+6uzFj25qbHw==",
      "dependencies": {
        "bson": "^6.2.0",
        "kareem": "2.5.1",
        "mongodb": "6.2.0",
        "mpath": "0.9.0",
        "mquery": "5.0.0",
        "ms": "2.1.3",
        "sift": "16.0.1"
      },
      "engines": {
        "node": ">=16.20.1"
      },
      "funding": {
        "type": "opencollective",
        "url": "https://opencollective.com/mongoose"
      }
    },
    "node_modules/mongoose/node_modules/ms": {
      "version": "2.1.3",
      "resolved": "https://gousto-472493421475.d.codeartifact.eu-west-1.amazonaws.com/npm/proxy-repository/ms/-/ms-2.1.3.tgz",
      "integrity": "sha512-6FlzubTLZG3J2a/NVCAleEhjzq5oxgHyaCU9yYXvcLsvoVaHJq/s5xXI6/XXP6tz7R9xAOtHnSO/tXtF3WRTlA=="
    },
    "node_modules/morgan": {
      "version": "1.10.0",
      "resolved": "https://gousto-472493421475.d.codeartifact.eu-west-1.amazonaws.com/npm/proxy-repository/morgan/-/morgan-1.10.0.tgz",
      "integrity": "sha512-AbegBVI4sh6El+1gNwvD5YIck7nSA36weD7xvIxG4in80j/UoK8AEGaWnnz8v1GxonMCltmlNs5ZKbGvl9b1XQ==",
      "dependencies": {
        "basic-auth": "~2.0.1",
        "debug": "2.6.9",
        "depd": "~2.0.0",
        "on-finished": "~2.3.0",
        "on-headers": "~1.0.2"
      },
      "engines": {
        "node": ">= 0.8.0"
      }
    },
    "node_modules/motion": {
      "version": "10.17.0",
      "resolved": "https://gousto-472493421475.d.codeartifact.eu-west-1.amazonaws.com/npm/proxy-repository/motion/-/motion-10.17.0.tgz",
      "integrity": "sha512-yBHYkrnJRiomuo88YQzG/v+nzFXKNlKw/Hh7uy8AV7nrYHnE07O6PEECShGbFmZvLrAOGc9qKzEDYmspDYjNWw==",
      "peer": true,
      "dependencies": {
        "@motionone/animation": "^10.17.0",
        "@motionone/dom": "^10.17.0",
        "@motionone/types": "^10.17.0",
        "@motionone/utils": "^10.17.0"
      }
    },
    "node_modules/mpath": {
      "version": "0.9.0",
      "resolved": "https://gousto-472493421475.d.codeartifact.eu-west-1.amazonaws.com/npm/proxy-repository/mpath/-/mpath-0.9.0.tgz",
      "integrity": "sha512-ikJRQTk8hw5DEoFVxHG1Gn9T/xcjtdnOKIU1JTmGjZZlg9LST2mBLmcX3/ICIbgJydT2GOc15RnNy5mHmzfSew==",
      "engines": {
        "node": ">=4.0.0"
      }
    },
    "node_modules/mquery": {
      "version": "5.0.0",
      "resolved": "https://gousto-472493421475.d.codeartifact.eu-west-1.amazonaws.com/npm/proxy-repository/mquery/-/mquery-5.0.0.tgz",
      "integrity": "sha512-iQMncpmEK8R8ncT8HJGsGc9Dsp8xcgYMVSbs5jgnm1lFHTZqMJTUWTDx1LBO8+mK3tPNZWFLBghQEIOULSTHZg==",
      "dependencies": {
        "debug": "4.x"
      },
      "engines": {
        "node": ">=14.0.0"
      }
    },
    "node_modules/mquery/node_modules/debug": {
      "version": "4.3.4",
      "resolved": "https://gousto-472493421475.d.codeartifact.eu-west-1.amazonaws.com/npm/proxy-repository/debug/-/debug-4.3.4.tgz",
      "integrity": "sha512-PRWFHuSU3eDtQJPvnNY7Jcket1j0t5OuOsFzPPzsekD52Zl8qUfFIPEiswXqIvHWGVHOgX+7G/vCNNhehwxfkQ==",
      "dependencies": {
        "ms": "2.1.2"
      },
      "engines": {
        "node": ">=6.0"
      },
      "peerDependenciesMeta": {
        "supports-color": {
          "optional": true
        }
      }
    },
    "node_modules/mquery/node_modules/ms": {
      "version": "2.1.2",
      "resolved": "https://gousto-472493421475.d.codeartifact.eu-west-1.amazonaws.com/npm/proxy-repository/ms/-/ms-2.1.2.tgz",
      "integrity": "sha512-sGkPx+VjMtmA6MX27oA4FBFELFCZZ4S4XqeGOXCv68tT+jb3vk/RyaKWP0PTKyWtmLSM0b+adUTEvbs1PEaH2w=="
    },
    "node_modules/ms": {
      "version": "2.0.0",
      "resolved": "https://gousto-472493421475.d.codeartifact.eu-west-1.amazonaws.com/npm/proxy-repository/ms/-/ms-2.0.0.tgz",
      "integrity": "sha1-VgiurfwAvmwpAd9fmGF4jeDVl8g="
    },
    "node_modules/on-finished": {
      "version": "2.3.0",
      "resolved": "https://gousto-472493421475.d.codeartifact.eu-west-1.amazonaws.com/npm/proxy-repository/on-finished/-/on-finished-2.3.0.tgz",
      "integrity": "sha1-IPEzZIGwg811M3mSoWlxqi2QaUc=",
      "dependencies": {
        "ee-first": "1.1.1"
      },
      "engines": {
        "node": ">= 0.8"
      }
    },
    "node_modules/on-headers": {
      "version": "1.0.2",
      "resolved": "https://gousto-472493421475.d.codeartifact.eu-west-1.amazonaws.com/npm/proxy-repository/on-headers/-/on-headers-1.0.2.tgz",
      "integrity": "sha512-pZAE+FJLoyITytdqK0U5s+FIpjN0JP3OzFi/u8Rx+EV5/W+JTWGXG8xFzevE7AjBfDqHv/8vL8qQsIhHnqRkrA==",
      "engines": {
        "node": ">= 0.8"
      }
    },
    "node_modules/proxy-from-env": {
      "version": "1.1.0",
      "resolved": "https://gousto-472493421475.d.codeartifact.eu-west-1.amazonaws.com/npm/proxy-repository/proxy-from-env/-/proxy-from-env-1.1.0.tgz",
      "integrity": "sha512-D+zkORCbA9f1tdWRK0RaCR3GPv50cMxcrz4X8k5LTSUD1Dkw47mKJEZQNunItRTkWwgtaUSo1RVFRIG9ZXiFYg=="
    },
    "node_modules/punycode": {
      "version": "2.3.1",
      "resolved": "https://gousto-472493421475.d.codeartifact.eu-west-1.amazonaws.com/npm/proxy-repository/punycode/-/punycode-2.3.1.tgz",
      "integrity": "sha512-vYt7UD1U9Wg6138shLtLOvdAu+8DsC/ilFtEVHcH+wydcSpNE20AfSOduf6MkRFahL5FY7X1oU7nKVZFtfq8Fg==",
      "engines": {
        "node": ">=6"
      }
    },
    "node_modules/react": {
      "version": "18.2.0",
      "resolved": "https://gousto-472493421475.d.codeartifact.eu-west-1.amazonaws.com/npm/proxy-repository/react/-/react-18.2.0.tgz",
      "integrity": "sha512-/3IjMdb2L9QbBdWiW5e3P2/npwMBaU9mHCSCUzNln0ZCYbcfTsGbTJrU/kGemdH2IWmB2ioZ+zkxtmq6g09fGQ==",
      "peer": true,
      "dependencies": {
        "loose-envify": "^1.1.0"
      },
      "engines": {
        "node": ">=0.10.0"
      }
    },
    "node_modules/safe-buffer": {
      "version": "5.1.2",
      "resolved": "https://gousto-472493421475.d.codeartifact.eu-west-1.amazonaws.com/npm/proxy-repository/safe-buffer/-/safe-buffer-5.1.2.tgz",
      "integrity": "sha512-Gd2UZBJDkXlY7GbJxfsE8/nvKkUEU1G38c1siN6QP6a9PT9MmHB8GnpscSmMJSoF8LOIrt8ud/wPtojys4G6+g=="
    },
    "node_modules/sift": {
      "version": "16.0.1",
      "resolved": "https://gousto-472493421475.d.codeartifact.eu-west-1.amazonaws.com/npm/proxy-repository/sift/-/sift-16.0.1.tgz",
      "integrity": "sha512-Wv6BjQ5zbhW7VFefWusVP33T/EM0vYikCaQ2qR8yULbsilAT8/wQaXvuQ3ptGLpoKx+lihJE3y2UTgKDyyNHZQ=="
    },
    "node_modules/sparse-bitfield": {
      "version": "3.0.3",
      "resolved": "https://gousto-472493421475.d.codeartifact.eu-west-1.amazonaws.com/npm/proxy-repository/sparse-bitfield/-/sparse-bitfield-3.0.3.tgz",
      "integrity": "sha1-/0rm5oZWBWuks+eSqzM004JzyhE=",
      "dependencies": {
        "memory-pager": "^1.0.2"
      }
    },
    "node_modules/tr46": {
      "version": "3.0.0",
      "resolved": "https://gousto-472493421475.d.codeartifact.eu-west-1.amazonaws.com/npm/proxy-repository/tr46/-/tr46-3.0.0.tgz",
      "integrity": "sha512-l7FvfAHlcmulp8kr+flpQZmVwtu7nfRV7NZujtN0OqES8EL4O4e0qqzL0DC5gAvx/ZC/9lk6rhcUwYvkBnBnYA==",
      "dependencies": {
        "punycode": "^2.1.1"
      },
      "engines": {
        "node": ">=12"
      }
    },
    "node_modules/tslib": {
      "version": "2.6.2",
      "resolved": "https://gousto-472493421475.d.codeartifact.eu-west-1.amazonaws.com/npm/proxy-repository/tslib/-/tslib-2.6.2.tgz",
      "integrity": "sha512-AEYxH93jGFPn/a2iVAwW87VuUIkR1FVUKB77NwMF7nBTDkDrrT/Hpt/IrCJ0QXhW27jTBDcf5ZY7w6RiqTMw2Q=="
    },
    "node_modules/undici-types": {
      "version": "5.26.5",
      "resolved": "https://gousto-472493421475.d.codeartifact.eu-west-1.amazonaws.com/npm/proxy-repository/undici-types/-/undici-types-5.26.5.tgz",
      "integrity": "sha512-JlCMO+ehdEIKqlFxk6IfVoAUVmgz7cU7zD/h9XZ0qzeosSHmUJVOzSQvvYSYWXkFXC+IfLKSIffhv0sVZup6pA=="
    },
    "node_modules/webidl-conversions": {
      "version": "7.0.0",
      "resolved": "https://gousto-472493421475.d.codeartifact.eu-west-1.amazonaws.com/npm/proxy-repository/webidl-conversions/-/webidl-conversions-7.0.0.tgz",
      "integrity": "sha512-VwddBukDzu71offAQR975unBIGqfKZpM+8ZX6ySk8nYhVoo5CYaZyzt3YBvYtRtO+aoGlqxPg/B87NGVZ/fu6g==",
      "engines": {
        "node": ">=12"
      }
    },
    "node_modules/whatwg-url": {
      "version": "11.0.0",
      "resolved": "https://gousto-472493421475.d.codeartifact.eu-west-1.amazonaws.com/npm/proxy-repository/whatwg-url/-/whatwg-url-11.0.0.tgz",
      "integrity": "sha512-RKT8HExMpoYx4igMiVMY83lN6UeITKJlBQ+vR/8ZJ8OCdSiN3RwCq+9gH0+Xzj0+5IrM6i4j/6LuvzbZIQgEcQ==",
      "dependencies": {
        "tr46": "^3.0.0",
        "webidl-conversions": "^7.0.0"
      },
      "engines": {
        "node": ">=12"
      }
    }
  }
}
